{
  "name": "HomeHub-main",
  "lockfileVersion": 3,
  "requires": true,
  "packages": {
    "": {
      "dependencies": {
        "refine": "^0.0.1-alpha"
      }
    },
    "node_modules/refine": {
      "version": "0.0.1-alpha",
      "resolved": "https://registry.npmjs.org/refine/-/refine-0.0.1-alpha.tgz",
      "integrity": "sha512-YXwyUAVTN2MkILoXSX7cAxvBS8p8NcU/l1lDsY4CzKrxhN3k3epTbq9nIdC/+6hK0lw0a++p3qStjJjXsC4dvw==",
      "engines": {
        "node": "*"
      }
    }
  }
}
